
Microsoft Visual Studio Solution File, Format Version 12.00
# Visual Studio Version 17
VisualStudioVersion = 17.0.31903.59
MinimumVisualStudioVersion = 10.0.40219.1
Project("{9A19103F-16F7-4668-BE54-9A1E7A4F7556}") = "Tyuiu.ChashkovTA.Sprint3.Task0.V18.Lib", "Tyuiu.ChashkovTA.Sprint3.Task0.V18.Lib\Tyuiu.ChashkovTA.Sprint3.Task0.V18.Lib.csproj", "{4F5D68F9-4EB3-4CD3-9142-76E174C70A4C}"
EndProject
Project("{9A19103F-16F7-4668-BE54-9A1E7A4F7556}") = "Tyuiu.ChashkovTA.Sprint3.Task0.V18", "Tyuiu.ChashkovTA.Sprint3.Task0.V18\Tyuiu.ChashkovTA.Sprint3.Task0.V18.csproj", "{BCA0E23B-2E8A-4262-B526-B7A906FF2ACB}"
EndProject
Project("{9A19103F-16F7-4668-BE54-9A1E7A4F7556}") = "Tyuiu.ChashkovTA.Sprint3.Task0.V18.Test", "Tyuiu.ChashkovTA.Sprint3.Task0.V18.Test\Tyuiu.ChashkovTA.Sprint3.Task0.V18.Test.csproj", "{DDA1D768-15D8-4B15-A6F5-6A74F9375B91}"
EndProject
Project("{2150E333-8FDC-42A3-9474-1A3956D46DE8}") = "Task0", "Task0", "{1F96BD59-F4E9-4858-B93D-8887C214A3C4}"
EndProject
Project("{9A19103F-16F7-4668-BE54-9A1E7A4F7556}") = "Tyuiu.ChashkovTA.Sprint3.Task1.V18.Lib", "Tyuiu.ChashkovTA.Sprint3.Task1.V18.Lib\Tyuiu.ChashkovTA.Sprint3.Task1.V18.Lib.csproj", "{37C4266E-AF53-4C7B-91C9-9C03AABC940F}"
EndProject
Project("{9A19103F-16F7-4668-BE54-9A1E7A4F7556}") = "Tyuiu.ChashkovTA.Sprint3.Task1.V18", "Tyuiu.ChashkovTA.Sprint3.Task1.V18\Tyuiu.ChashkovTA.Sprint3.Task1.V18.csproj", "{B415FAA0-8472-4C1B-8B38-33F4610C60B7}"
EndProject
Project("{9A19103F-16F7-4668-BE54-9A1E7A4F7556}") = "Tyuiu.ChashkovTA.Sprint3.Task1.V18.Test", "Tyuiu.ChashkovTA.Sprint3.Task1.V18.Test\Tyuiu.ChashkovTA.Sprint3.Task1.V18.Test.csproj", "{BF6D0DA0-0C19-4093-BA53-3E8F137B6ED6}"
EndProject
Project("{2150E333-8FDC-42A3-9474-1A3956D46DE8}") = "Task1", "Task1", "{EA6FD92B-2695-49FD-A09B-677182D1B27A}"
EndProject
Project("{9A19103F-16F7-4668-BE54-9A1E7A4F7556}") = "Tyuiu.ChashkovTA.Sprint3.Task2.V29.Lib", "Tyuiu.ChashkovTA.Sprint3.Task2.V29.Lib\Tyuiu.ChashkovTA.Sprint3.Task2.V29.Lib.csproj", "{B2C73C68-5441-42D5-A6C3-1255E6E7681F}"
EndProject
Project("{9A19103F-16F7-4668-BE54-9A1E7A4F7556}") = "Tyuiu.ChashkovTA.Sprint3.Task2.V29", "Tyuiu.ChashkovTA.Sprint3.Task2.V29\Tyuiu.ChashkovTA.Sprint3.Task2.V29.csproj", "{AB83B829-BB47-44F9-BA02-FEFDF5B89EEE}"
EndProject
Project("{9A19103F-16F7-4668-BE54-9A1E7A4F7556}") = "Tyuiu.ChashkovTA.Sprint3.Task2.V29.Test", "Tyuiu.ChashkovTA.Sprint3.Task2.V29.Test\Tyuiu.ChashkovTA.Sprint3.Task2.V29.Test.csproj", "{14716B93-BC83-4A6C-9546-91D52B6EA7A2}"
EndProject
Project("{2150E333-8FDC-42A3-9474-1A3956D46DE8}") = "Task2", "Task2", "{3673EA1D-B8E5-4590-9F80-302C6C563990}"
EndProject
Project("{9A19103F-16F7-4668-BE54-9A1E7A4F7556}") = "Tyuiu.ChashkovTA.Sprint3.Task3.V6.Lib", "Tyuiu.ChashkovTA.Sprint3.Task3.V6.Lib\Tyuiu.ChashkovTA.Sprint3.Task3.V6.Lib.csproj", "{0E478218-2D67-4D8E-A2F8-4351452D6721}"
EndProject
Project("{9A19103F-16F7-4668-BE54-9A1E7A4F7556}") = "Tyuiu.ChashkovTA.Sprint3.Task3.V6", "Tyuiu.ChashkovTA.Sprint3.Task3.V6\Tyuiu.ChashkovTA.Sprint3.Task3.V6.csproj", "{934B378C-7866-4F91-9AF2-E524842E375D}"
EndProject
Project("{9A19103F-16F7-4668-BE54-9A1E7A4F7556}") = "Tyuiu.ChashkovTA.Sprint3.Task3.V6.Test", "Tyuiu.ChashkovTA.Sprint3.Task3.V6.Test\Tyuiu.ChashkovTA.Sprint3.Task3.V6.Test.csproj", "{9B0E33CB-AB3F-4872-A4C0-120F544501DE}"
EndProject
Project("{2150E333-8FDC-42A3-9474-1A3956D46DE8}") = "Task3", "Task3", "{56487DC6-D900-48D3-924B-A6C9BEB02C9E}"
EndProject
Global
	GlobalSection(SolutionConfigurationPlatforms) = preSolution
		Debug|Any CPU = Debug|Any CPU
		Release|Any CPU = Release|Any CPU
	EndGlobalSection
	GlobalSection(ProjectConfigurationPlatforms) = postSolution
		{4F5D68F9-4EB3-4CD3-9142-76E174C70A4C}.Debug|Any CPU.ActiveCfg = Debug|Any CPU
		{4F5D68F9-4EB3-4CD3-9142-76E174C70A4C}.Debug|Any CPU.Build.0 = Debug|Any CPU
		{4F5D68F9-4EB3-4CD3-9142-76E174C70A4C}.Release|Any CPU.ActiveCfg = Release|Any CPU
		{4F5D68F9-4EB3-4CD3-9142-76E174C70A4C}.Release|Any CPU.Build.0 = Release|Any CPU
		{BCA0E23B-2E8A-4262-B526-B7A906FF2ACB}.Debug|Any CPU.ActiveCfg = Debug|Any CPU
		{BCA0E23B-2E8A-4262-B526-B7A906FF2ACB}.Debug|Any CPU.Build.0 = Debug|Any CPU
		{BCA0E23B-2E8A-4262-B526-B7A906FF2ACB}.Release|Any CPU.ActiveCfg = Release|Any CPU
		{BCA0E23B-2E8A-4262-B526-B7A906FF2ACB}.Release|Any CPU.Build.0 = Release|Any CPU
		{DDA1D768-15D8-4B15-A6F5-6A74F9375B91}.Debug|Any CPU.ActiveCfg = Debug|Any CPU
		{DDA1D768-15D8-4B15-A6F5-6A74F9375B91}.Debug|Any CPU.Build.0 = Debug|Any CPU
		{DDA1D768-15D8-4B15-A6F5-6A74F9375B91}.Release|Any CPU.ActiveCfg = Release|Any CPU
		{DDA1D768-15D8-4B15-A6F5-6A74F9375B91}.Release|Any CPU.Build.0 = Release|Any CPU
		{37C4266E-AF53-4C7B-91C9-9C03AABC940F}.Debug|Any CPU.ActiveCfg = Debug|Any CPU
		{37C4266E-AF53-4C7B-91C9-9C03AABC940F}.Debug|Any CPU.Build.0 = Debug|Any CPU
		{37C4266E-AF53-4C7B-91C9-9C03AABC940F}.Release|Any CPU.ActiveCfg = Release|Any CPU
		{37C4266E-AF53-4C7B-91C9-9C03AABC940F}.Release|Any CPU.Build.0 = Release|Any CPU
		{B415FAA0-8472-4C1B-8B38-33F4610C60B7}.Debug|Any CPU.ActiveCfg = Debug|Any CPU
		{B415FAA0-8472-4C1B-8B38-33F4610C60B7}.Debug|Any CPU.Build.0 = Debug|Any CPU
		{B415FAA0-8472-4C1B-8B38-33F4610C60B7}.Release|Any CPU.ActiveCfg = Release|Any CPU
		{B415FAA0-8472-4C1B-8B38-33F4610C60B7}.Release|Any CPU.Build.0 = Release|Any CPU
		{BF6D0DA0-0C19-4093-BA53-3E8F137B6ED6}.Debug|Any CPU.ActiveCfg = Debug|Any CPU
		{BF6D0DA0-0C19-4093-BA53-3E8F137B6ED6}.Debug|Any CPU.Build.0 = Debug|Any CPU
		{BF6D0DA0-0C19-4093-BA53-3E8F137B6ED6}.Release|Any CPU.ActiveCfg = Release|Any CPU
		{BF6D0DA0-0C19-4093-BA53-3E8F137B6ED6}.Release|Any CPU.Build.0 = Release|Any CPU
		{B2C73C68-5441-42D5-A6C3-1255E6E7681F}.Debug|Any CPU.ActiveCfg = Debug|Any CPU
		{B2C73C68-5441-42D5-A6C3-1255E6E7681F}.Debug|Any CPU.Build.0 = Debug|Any CPU
		{B2C73C68-5441-42D5-A6C3-1255E6E7681F}.Release|Any CPU.ActiveCfg = Release|Any CPU
		{B2C73C68-5441-42D5-A6C3-1255E6E7681F}.Release|Any CPU.Build.0 = Release|Any CPU
		{AB83B829-BB47-44F9-BA02-FEFDF5B89EEE}.Debug|Any CPU.ActiveCfg = Debug|Any CPU
		{AB83B829-BB47-44F9-BA02-FEFDF5B89EEE}.Debug|Any CPU.Build.0 = Debug|Any CPU
		{AB83B829-BB47-44F9-BA02-FEFDF5B89EEE}.Release|Any CPU.ActiveCfg = Release|Any CPU
		{AB83B829-BB47-44F9-BA02-FEFDF5B89EEE}.Release|Any CPU.Build.0 = Release|Any CPU
		{14716B93-BC83-4A6C-9546-91D52B6EA7A2}.Debug|Any CPU.ActiveCfg = Debug|Any CPU
		{14716B93-BC83-4A6C-9546-91D52B6EA7A2}.Debug|Any CPU.Build.0 = Debug|Any CPU
		{14716B93-BC83-4A6C-9546-91D52B6EA7A2}.Release|Any CPU.ActiveCfg = Release|Any CPU
		{14716B93-BC83-4A6C-9546-91D52B6EA7A2}.Release|Any CPU.Build.0 = Release|Any CPU
		{0E478218-2D67-4D8E-A2F8-4351452D6721}.Debug|Any CPU.ActiveCfg = Debug|Any CPU
		{0E478218-2D67-4D8E-A2F8-4351452D6721}.Debug|Any CPU.Build.0 = Debug|Any CPU
		{0E478218-2D67-4D8E-A2F8-4351452D6721}.Release|Any CPU.ActiveCfg = Release|Any CPU
		{0E478218-2D67-4D8E-A2F8-4351452D6721}.Release|Any CPU.Build.0 = Release|Any CPU
		{934B378C-7866-4F91-9AF2-E524842E375D}.Debug|Any CPU.ActiveCfg = Debug|Any CPU
		{934B378C-7866-4F91-9AF2-E524842E375D}.Debug|Any CPU.Build.0 = Debug|Any CPU
		{934B378C-7866-4F91-9AF2-E524842E375D}.Release|Any CPU.ActiveCfg = Release|Any CPU
		{934B378C-7866-4F91-9AF2-E524842E375D}.Release|Any CPU.Build.0 = Release|Any CPU
		{9B0E33CB-AB3F-4872-A4C0-120F544501DE}.Debug|Any CPU.ActiveCfg = Debug|Any CPU
		{9B0E33CB-AB3F-4872-A4C0-120F544501DE}.Debug|Any CPU.Build.0 = Debug|Any CPU
		{9B0E33CB-AB3F-4872-A4C0-120F544501DE}.Release|Any CPU.ActiveCfg = Release|Any CPU
		{9B0E33CB-AB3F-4872-A4C0-120F544501DE}.Release|Any CPU.Build.0 = Release|Any CPU
	EndGlobalSection
	GlobalSection(SolutionProperties) = preSolution
		HideSolutionNode = FALSE
	EndGlobalSection
	GlobalSection(NestedProjects) = preSolution
		{4F5D68F9-4EB3-4CD3-9142-76E174C70A4C} = {1F96BD59-F4E9-4858-B93D-8887C214A3C4}
		{BCA0E23B-2E8A-4262-B526-B7A906FF2ACB} = {1F96BD59-F4E9-4858-B93D-8887C214A3C4}
		{DDA1D768-15D8-4B15-A6F5-6A74F9375B91} = {1F96BD59-F4E9-4858-B93D-8887C214A3C4}
		{37C4266E-AF53-4C7B-91C9-9C03AABC940F} = {EA6FD92B-2695-49FD-A09B-677182D1B27A}
		{B415FAA0-8472-4C1B-8B38-33F4610C60B7} = {EA6FD92B-2695-49FD-A09B-677182D1B27A}
		{BF6D0DA0-0C19-4093-BA53-3E8F137B6ED6} = {EA6FD92B-2695-49FD-A09B-677182D1B27A}
		{B2C73C68-5441-42D5-A6C3-1255E6E7681F} = {3673EA1D-B8E5-4590-9F80-302C6C563990}
		{AB83B829-BB47-44F9-BA02-FEFDF5B89EEE} = {3673EA1D-B8E5-4590-9F80-302C6C563990}
		{14716B93-BC83-4A6C-9546-91D52B6EA7A2} = {3673EA1D-B8E5-4590-9F80-302C6C563990}
		{0E478218-2D67-4D8E-A2F8-4351452D6721} = {56487DC6-D900-48D3-924B-A6C9BEB02C9E}
		{934B378C-7866-4F91-9AF2-E524842E375D} = {56487DC6-D900-48D3-924B-A6C9BEB02C9E}
		{9B0E33CB-AB3F-4872-A4C0-120F544501DE} = {56487DC6-D900-48D3-924B-A6C9BEB02C9E}
	EndGlobalSection
	GlobalSection(ExtensibilityGlobals) = postSolution
		SolutionGuid = {780388C6-495C-4C10-A3B5-FA6196DEB441}
	EndGlobalSection
EndGlobal
